
Microsoft Visual Studio Solution File, Format Version 12.00
# Visual Studio Version 16
VisualStudioVersion = 16.0.31205.134
MinimumVisualStudioVersion = 10.0.40219.1
Project("{FAE04EC0-301F-11D3-BF4B-00C04F79EFBC}") = "UltimateCuffing", "UltimateCuffing\UltimateCuffing.csproj", "{1ACEF69F-AC33-4D13-A97B-F3B40B9ED781}"
EndProject
Global
	GlobalSection(SolutionConfigurationPlatforms) = preSolution
		Debug|Any CPU = Debug|Any CPU
		Release|Any CPU = Release|Any CPU
	EndGlobalSection
	GlobalSection(ProjectConfigurationPlatforms) = postSolution
		{1ACEF69F-AC33-4D13-A97B-F3B40B9ED781}.Debug|Any CPU.ActiveCfg = Debug|Any CPU
		{1ACEF69F-AC33-4D13-A97B-F3B40B9ED781}.Debug|Any CPU.Build.0 = Debug|Any CPU
		{1ACEF69F-AC33-4D13-A97B-F3B40B9ED781}.Release|Any CPU.ActiveCfg = Release|Any CPU
		{1ACEF69F-AC33-4D13-A97B-F3B40B9ED781}.Release|Any CPU.Build.0 = Release|Any CPU
	EndGlobalSection
	GlobalSection(SolutionProperties) = preSolution
		HideSolutionNode = FALSE
	EndGlobalSection
	GlobalSection(ExtensibilityGlobals) = postSolution
		SolutionGuid = {E7D64EDB-790B-4EE1-9124-CAB67948DFAA}
	EndGlobalSection
EndGlobal
